
Microsoft Visual Studio Solution File, Format Version 12.00
# Visual Studio 15
VisualStudioVersion = 15.0.28010.2046
MinimumVisualStudioVersion = 10.0.40219.1
Project("{FAE04EC0-301F-11D3-BF4B-00C04F79EFBC}") = "Jeu7", "Jeu7\Jeu7.csproj", "{05065A15-5771-4CD2-B236-1263B146431E}"
EndProject
Project("{FAE04EC0-301F-11D3-BF4B-00C04F79EFBC}") = "Jeu7.UnitTests", "Jeu7.UnitTests\Jeu7.UnitTests.csproj", "{D1F9FEBC-1002-4365-B04B-418403A089A1}"
EndProject
Project("{9A19103F-16F7-4668-BE54-9A1E7A4F7556}") = "Meteo.WebApi", "Meteo.WebApi\Meteo.WebApi.csproj", "{52302718-9668-4715-AC55-E20B0564CF7D}"
EndProject
Project("{FAE04EC0-301F-11D3-BF4B-00C04F79EFBC}") = "Meteo.IntegrationTests", "Meteo.IntegrationTests\Meteo.IntegrationTests.csproj", "{F06F2205-87FF-4F8B-B584-5C777CD4A23D}"
EndProject
Global
	GlobalSection(SolutionConfigurationPlatforms) = preSolution
		Debug|Any CPU = Debug|Any CPU
		Release|Any CPU = Release|Any CPU
	EndGlobalSection
	GlobalSection(ProjectConfigurationPlatforms) = postSolution
		{05065A15-5771-4CD2-B236-1263B146431E}.Debug|Any CPU.ActiveCfg = Debug|Any CPU
		{05065A15-5771-4CD2-B236-1263B146431E}.Debug|Any CPU.Build.0 = Debug|Any CPU
		{05065A15-5771-4CD2-B236-1263B146431E}.Release|Any CPU.ActiveCfg = Release|Any CPU
		{05065A15-5771-4CD2-B236-1263B146431E}.Release|Any CPU.Build.0 = Release|Any CPU
		{D1F9FEBC-1002-4365-B04B-418403A089A1}.Debug|Any CPU.ActiveCfg = Debug|Any CPU
		{D1F9FEBC-1002-4365-B04B-418403A089A1}.Debug|Any CPU.Build.0 = Debug|Any CPU
		{D1F9FEBC-1002-4365-B04B-418403A089A1}.Release|Any CPU.ActiveCfg = Release|Any CPU
		{D1F9FEBC-1002-4365-B04B-418403A089A1}.Release|Any CPU.Build.0 = Release|Any CPU
		{52302718-9668-4715-AC55-E20B0564CF7D}.Debug|Any CPU.ActiveCfg = Debug|Any CPU
		{52302718-9668-4715-AC55-E20B0564CF7D}.Debug|Any CPU.Build.0 = Debug|Any CPU
		{52302718-9668-4715-AC55-E20B0564CF7D}.Release|Any CPU.ActiveCfg = Release|Any CPU
		{52302718-9668-4715-AC55-E20B0564CF7D}.Release|Any CPU.Build.0 = Release|Any CPU
		{F06F2205-87FF-4F8B-B584-5C777CD4A23D}.Debug|Any CPU.ActiveCfg = Debug|Any CPU
		{F06F2205-87FF-4F8B-B584-5C777CD4A23D}.Debug|Any CPU.Build.0 = Debug|Any CPU
		{F06F2205-87FF-4F8B-B584-5C777CD4A23D}.Release|Any CPU.ActiveCfg = Release|Any CPU
		{F06F2205-87FF-4F8B-B584-5C777CD4A23D}.Release|Any CPU.Build.0 = Release|Any CPU
	EndGlobalSection
	GlobalSection(SolutionProperties) = preSolution
		HideSolutionNode = FALSE
	EndGlobalSection
	GlobalSection(ExtensibilityGlobals) = postSolution
		SolutionGuid = {73D22FC0-1332-4E51-AE49-FC868510D8DE}
	EndGlobalSection
EndGlobal
