
Microsoft Visual Studio Solution File, Format Version 12.00
# Visual Studio 15
VisualStudioVersion = 15.0.28307.136
MinimumVisualStudioVersion = 10.0.40219.1
Project("{FAE04EC0-301F-11D3-BF4B-00C04F79EFBC}") = "Jeu4", "Jeu4\Jeu4.csproj", "{447B78B2-0A33-4889-BFB7-6FFF28A42FB8}"
EndProject
Project("{FAE04EC0-301F-11D3-BF4B-00C04F79EFBC}") = "Jeu4.UnitTests", "Jeu4.UnitTests\Jeu4.UnitTests.csproj", "{FCFD5B2E-2D0E-45B6-8D7A-4A5097D2552B}"
EndProject
Global
	GlobalSection(SolutionConfigurationPlatforms) = preSolution
		Debug|Any CPU = Debug|Any CPU
		Release|Any CPU = Release|Any CPU
	EndGlobalSection
	GlobalSection(ProjectConfigurationPlatforms) = postSolution
		{447B78B2-0A33-4889-BFB7-6FFF28A42FB8}.Debug|Any CPU.ActiveCfg = Debug|Any CPU
		{447B78B2-0A33-4889-BFB7-6FFF28A42FB8}.Debug|Any CPU.Build.0 = Debug|Any CPU
		{447B78B2-0A33-4889-BFB7-6FFF28A42FB8}.Release|Any CPU.ActiveCfg = Release|Any CPU
		{447B78B2-0A33-4889-BFB7-6FFF28A42FB8}.Release|Any CPU.Build.0 = Release|Any CPU
		{FCFD5B2E-2D0E-45B6-8D7A-4A5097D2552B}.Debug|Any CPU.ActiveCfg = Debug|Any CPU
		{FCFD5B2E-2D0E-45B6-8D7A-4A5097D2552B}.Debug|Any CPU.Build.0 = Debug|Any CPU
		{FCFD5B2E-2D0E-45B6-8D7A-4A5097D2552B}.Release|Any CPU.ActiveCfg = Release|Any CPU
		{FCFD5B2E-2D0E-45B6-8D7A-4A5097D2552B}.Release|Any CPU.Build.0 = Release|Any CPU
	EndGlobalSection
	GlobalSection(SolutionProperties) = preSolution
		HideSolutionNode = FALSE
	EndGlobalSection
	GlobalSection(ExtensibilityGlobals) = postSolution
		SolutionGuid = {5B60C072-ED15-4906-A4F4-D7F0753C1941}
	EndGlobalSection
EndGlobal
